
Microsoft Visual Studio Solution File, Format Version 12.00
# Visual Studio Version 17
VisualStudioVersion = 17.5.33530.505
MinimumVisualStudioVersion = 10.0.40219.1
Project("{FAE04EC0-301F-11D3-BF4B-00C04F79EFBC}") = "Week2", "Week2\Week2.csproj", "{CB783D5E-60EF-4FDB-B939-DFE8A09923EB}"
EndProject
Project("{FAE04EC0-301F-11D3-BF4B-00C04F79EFBC}") = "UserGenderValidation", "UserGenderValidation\UserGenderValidation.csproj", "{68C08132-F517-43B1-A9A9-8A2F2E19417C}"
EndProject
Project("{FAE04EC0-301F-11D3-BF4B-00C04F79EFBC}") = "UserAgeValidation", "UserAgeValidation\UserAgeValidation.csproj", "{1CC3DF21-6444-4DE3-91BE-FCFF0C0A7FBB}"
EndProject
Global
	GlobalSection(SolutionConfigurationPlatforms) = preSolution
		Debug|Any CPU = Debug|Any CPU
		Release|Any CPU = Release|Any CPU
	EndGlobalSection
	GlobalSection(ProjectConfigurationPlatforms) = postSolution
		{CB783D5E-60EF-4FDB-B939-DFE8A09923EB}.Debug|Any CPU.ActiveCfg = Debug|Any CPU
		{CB783D5E-60EF-4FDB-B939-DFE8A09923EB}.Debug|Any CPU.Build.0 = Debug|Any CPU
		{CB783D5E-60EF-4FDB-B939-DFE8A09923EB}.Release|Any CPU.ActiveCfg = Release|Any CPU
		{CB783D5E-60EF-4FDB-B939-DFE8A09923EB}.Release|Any CPU.Build.0 = Release|Any CPU
		{68C08132-F517-43B1-A9A9-8A2F2E19417C}.Debug|Any CPU.ActiveCfg = Debug|Any CPU
		{68C08132-F517-43B1-A9A9-8A2F2E19417C}.Debug|Any CPU.Build.0 = Debug|Any CPU
		{68C08132-F517-43B1-A9A9-8A2F2E19417C}.Release|Any CPU.ActiveCfg = Release|Any CPU
		{68C08132-F517-43B1-A9A9-8A2F2E19417C}.Release|Any CPU.Build.0 = Release|Any CPU
		{1CC3DF21-6444-4DE3-91BE-FCFF0C0A7FBB}.Debug|Any CPU.ActiveCfg = Debug|Any CPU
		{1CC3DF21-6444-4DE3-91BE-FCFF0C0A7FBB}.Debug|Any CPU.Build.0 = Debug|Any CPU
		{1CC3DF21-6444-4DE3-91BE-FCFF0C0A7FBB}.Release|Any CPU.ActiveCfg = Release|Any CPU
		{1CC3DF21-6444-4DE3-91BE-FCFF0C0A7FBB}.Release|Any CPU.Build.0 = Release|Any CPU
	EndGlobalSection
	GlobalSection(SolutionProperties) = preSolution
		HideSolutionNode = FALSE
	EndGlobalSection
	GlobalSection(ExtensibilityGlobals) = postSolution
		SolutionGuid = {C7BA915D-2731-4216-9811-AFC34B9BBD3E}
	EndGlobalSection
EndGlobal
